
Microsoft Visual Studio Solution File, Format Version 12.00
# Visual Studio Version 16
VisualStudioVersion = 16.0.30204.135
MinimumVisualStudioVersion = 10.0.40219.1
Project("{FAE04EC0-301F-11D3-BF4B-00C04F79EFBC}") = "AdoSqlServerHelper", "AdoSqlServerHelper\AdoSqlServerHelper.csproj", "{6BB16F48-F7D8-417D-A382-7D4613607249}"
EndProject
Global
	GlobalSection(SolutionConfigurationPlatforms) = preSolution
		Debug|Any CPU = Debug|Any CPU
		Release|Any CPU = Release|Any CPU
	EndGlobalSection
	GlobalSection(ProjectConfigurationPlatforms) = postSolution
		{6BB16F48-F7D8-417D-A382-7D4613607249}.Debug|Any CPU.ActiveCfg = Debug|Any CPU
		{6BB16F48-F7D8-417D-A382-7D4613607249}.Debug|Any CPU.Build.0 = Debug|Any CPU
		{6BB16F48-F7D8-417D-A382-7D4613607249}.Release|Any CPU.ActiveCfg = Release|Any CPU
		{6BB16F48-F7D8-417D-A382-7D4613607249}.Release|Any CPU.Build.0 = Release|Any CPU
	EndGlobalSection
	GlobalSection(SolutionProperties) = preSolution
		HideSolutionNode = FALSE
	EndGlobalSection
	GlobalSection(ExtensibilityGlobals) = postSolution
		SolutionGuid = {E6BFA5AE-74E8-43F5-8346-748718BAD2B9}
	EndGlobalSection
EndGlobal
